
Microsoft Visual Studio Solution File, Format Version 12.00
# Visual Studio Version 16
VisualStudioVersion = 16.0.30517.126
MinimumVisualStudioVersion = 10.0.40219.1
Project("{FAE04EC0-301F-11D3-BF4B-00C04F79EFBC}") = "Wox.Plugin.Dictionary", "Wox.Plugin.Dictionary.csproj", "{E57CFC7C-69FC-48C4-9390-EE586EDDBCE2}"
EndProject
Global
	GlobalSection(SolutionConfigurationPlatforms) = preSolution
		Debug|Any CPU = Debug|Any CPU
		Release|Any CPU = Release|Any CPU
	EndGlobalSection
	GlobalSection(ProjectConfigurationPlatforms) = postSolution
		{E57CFC7C-69FC-48C4-9390-EE586EDDBCE2}.Debug|Any CPU.ActiveCfg = Debug|Any CPU
		{E57CFC7C-69FC-48C4-9390-EE586EDDBCE2}.Debug|Any CPU.Build.0 = Debug|Any CPU
		{E57CFC7C-69FC-48C4-9390-EE586EDDBCE2}.Release|Any CPU.ActiveCfg = Release|Any CPU
		{E57CFC7C-69FC-48C4-9390-EE586EDDBCE2}.Release|Any CPU.Build.0 = Release|Any CPU
	EndGlobalSection
	GlobalSection(SolutionProperties) = preSolution
		HideSolutionNode = FALSE
	EndGlobalSection
	GlobalSection(ExtensibilityGlobals) = postSolution
		SolutionGuid = {4C2829DA-84AA-442A-99A7-DDA55F17C83D}
	EndGlobalSection
EndGlobal
